
Microsoft Visual Studio Solution File, Format Version 12.00
# Visual Studio Version 17
VisualStudioVersion = 17.8.34408.163
MinimumVisualStudioVersion = 10.0.40219.1
Project("{9A19103F-16F7-4668-BE54-9A1E7A4F7556}") = "guessing_app", "guessing_app.csproj", "{6CD4A774-29D1-4EA0-A25E-373AC7881011}"
EndProject
Project("{FAE04EC0-301F-11D3-BF4B-00C04F79EFBC}") = "CSVconverter", "..\CSVconverter\CSVconverter.csproj", "{D4B20132-247D-4E49-85B1-762764A0302D}"
EndProject
Global
	GlobalSection(SolutionConfigurationPlatforms) = preSolution
		Debug|Any CPU = Debug|Any CPU
		Release|Any CPU = Release|Any CPU
	EndGlobalSection
	GlobalSection(ProjectConfigurationPlatforms) = postSolution
		{6CD4A774-29D1-4EA0-A25E-373AC7881011}.Debug|Any CPU.ActiveCfg = Debug|Any CPU
		{6CD4A774-29D1-4EA0-A25E-373AC7881011}.Debug|Any CPU.Build.0 = Debug|Any CPU
		{6CD4A774-29D1-4EA0-A25E-373AC7881011}.Release|Any CPU.ActiveCfg = Release|Any CPU
		{6CD4A774-29D1-4EA0-A25E-373AC7881011}.Release|Any CPU.Build.0 = Release|Any CPU
		{D4B20132-247D-4E49-85B1-762764A0302D}.Debug|Any CPU.ActiveCfg = Debug|Any CPU
		{D4B20132-247D-4E49-85B1-762764A0302D}.Debug|Any CPU.Build.0 = Debug|Any CPU
		{D4B20132-247D-4E49-85B1-762764A0302D}.Release|Any CPU.ActiveCfg = Release|Any CPU
		{D4B20132-247D-4E49-85B1-762764A0302D}.Release|Any CPU.Build.0 = Release|Any CPU
	EndGlobalSection
	GlobalSection(SolutionProperties) = preSolution
		HideSolutionNode = FALSE
	EndGlobalSection
	GlobalSection(ExtensibilityGlobals) = postSolution
		SolutionGuid = {96042249-EF46-49DE-B4B1-EB580C91B8CD}
	EndGlobalSection
EndGlobal
